
Microsoft Visual Studio Solution File, Format Version 12.00
# Visual Studio 15
VisualStudioVersion = 15.0.28307.572
MinimumVisualStudioVersion = 10.0.40219.1
Project("{FAE04EC0-301F-11D3-BF4B-00C04F79EFBC}") = "MVC_UnitTest", "MVC_UnitTest\MVC_UnitTest.csproj", "{7EF3C99C-C19D-42BF-B1C5-3947C84643D9}"
EndProject
Project("{FAE04EC0-301F-11D3-BF4B-00C04F79EFBC}") = "UTest", "UTest\UTest.csproj", "{283E5D6F-80C4-49A6-B67A-0BFD215944B4}"
EndProject
Global
	GlobalSection(SolutionConfigurationPlatforms) = preSolution
		Debug|Any CPU = Debug|Any CPU
		Release|Any CPU = Release|Any CPU
	EndGlobalSection
	GlobalSection(ProjectConfigurationPlatforms) = postSolution
		{7EF3C99C-C19D-42BF-B1C5-3947C84643D9}.Debug|Any CPU.ActiveCfg = Debug|Any CPU
		{7EF3C99C-C19D-42BF-B1C5-3947C84643D9}.Debug|Any CPU.Build.0 = Debug|Any CPU
		{7EF3C99C-C19D-42BF-B1C5-3947C84643D9}.Release|Any CPU.ActiveCfg = Release|Any CPU
		{7EF3C99C-C19D-42BF-B1C5-3947C84643D9}.Release|Any CPU.Build.0 = Release|Any CPU
		{283E5D6F-80C4-49A6-B67A-0BFD215944B4}.Debug|Any CPU.ActiveCfg = Debug|Any CPU
		{283E5D6F-80C4-49A6-B67A-0BFD215944B4}.Debug|Any CPU.Build.0 = Debug|Any CPU
		{283E5D6F-80C4-49A6-B67A-0BFD215944B4}.Release|Any CPU.ActiveCfg = Release|Any CPU
		{283E5D6F-80C4-49A6-B67A-0BFD215944B4}.Release|Any CPU.Build.0 = Release|Any CPU
	EndGlobalSection
	GlobalSection(SolutionProperties) = preSolution
		HideSolutionNode = FALSE
	EndGlobalSection
	GlobalSection(ExtensibilityGlobals) = postSolution
		SolutionGuid = {98E5D235-A0FB-4A33-826F-7025B8A2A59B}
	EndGlobalSection
EndGlobal
